Microsoft Visual Studio Solution File, Format Version 12.00
# Visual Studio Version 17
VisualStudioVersion = 17.5.2.0
MinimumVisualStudioVersion = 10.0.40219.1
Project("{FAE04EC0-301F-11D3-BF4B-00C04F79EFBC}") = "PropertyAnalyzer", "PropertyAnalyzer.csproj", "{64B85F13-566C-0882-8D75-D5C6292A8AFC}"
EndProject
Global
	GlobalSection(SolutionConfigurationPlatforms) = preSolution
		Debug|Any CPU = Debug|Any CPU
		Release|Any CPU = Release|Any CPU
	EndGlobalSection
	GlobalSection(ProjectConfigurationPlatforms) = postSolution
		{64B85F13-566C-0882-8D75-D5C6292A8AFC}.Debug|Any CPU.ActiveCfg = Debug|Any CPU
		{64B85F13-566C-0882-8D75-D5C6292A8AFC}.Debug|Any CPU.Build.0 = Debug|Any CPU
		{64B85F13-566C-0882-8D75-D5C6292A8AFC}.Release|Any CPU.ActiveCfg = Release|Any CPU
		{64B85F13-566C-0882-8D75-D5C6292A8AFC}.Release|Any CPU.Build.0 = Release|Any CPU
	EndGlobalSection
	GlobalSection(SolutionProperties) = preSolution
		HideSolutionNode = FALSE
	EndGlobalSection
	GlobalSection(ExtensibilityGlobals) = postSolution
		SolutionGuid = {3157C5F6-E136-4FAF-9893-AECE2B1977CC}
	EndGlobalSection
EndGlobal
